
Microsoft Visual Studio Solution File, Format Version 12.00
# Visual Studio Version 17
VisualStudioVersion = 17.0.31903.59
MinimumVisualStudioVersion = 10.0.40219.1
Project("{9A19103F-16F7-4668-BE54-9A1E7A4F7556}") = "AzureFuncs.GeneratePdfFunctions", "src\AzureFuncs.GeneratePdfFunctions.csproj", "{C9A914DF-8441-4AF0-91B2-F05C7E7561B3}"
EndProject
Project("{2150E333-8FDC-42A3-9474-1A3956D46DE8}") = "src", "src", "{89213812-22E6-4F10-BB76-868E4CDCC27E}"
EndProject
Project("{2150E333-8FDC-42A3-9474-1A3956D46DE8}") = "deploy", "deploy", "{FB0E9BE1-9DB0-4050-A49D-D37EFF954CB2}"
	ProjectSection(SolutionItems) = preProject
		deploy\build.yaml = deploy\build.yaml
		deploy\pipeline.yaml = deploy\pipeline.yaml
		deploy\release.yaml = deploy\release.yaml
	EndProjectSection
EndProject
Project("{2150E333-8FDC-42A3-9474-1A3956D46DE8}") = "tests", "tests", "{68D80DBB-62CC-4C92-9A66-D39B301A3C29}"
EndProject
Project("{2150E333-8FDC-42A3-9474-1A3956D46DE8}") = "doc", "doc", "{B778A64F-7128-4F10-A693-7D492565EE29}"
	ProjectSection(SolutionItems) = preProject
		doc\README.md = doc\README.md
	EndProjectSection
EndProject
Project("{2150E333-8FDC-42A3-9474-1A3956D46DE8}") = "infra", "infra", "{28351F41-31CF-46C4-BC6C-C6B67CFA7F94}"
	ProjectSection(SolutionItems) = preProject
		infra\mktg-showcase-generate-pdf-dev-deployment-scripts.ps1 = infra\mktg-showcase-generate-pdf-dev-deployment-scripts.ps1
		infra\mktg-showcase-generate-pdf-main-dev.bicepparam = infra\mktg-showcase-generate-pdf-main-dev.bicepparam
		infra\mktg-showcase-generate-pdf-main.bicep = infra\mktg-showcase-generate-pdf-main.bicep
	EndProjectSection
EndProject
Project("{2150E333-8FDC-42A3-9474-1A3956D46DE8}") = "templates", "templates", "{EB1D7D7A-BBAD-4AAC-A0DD-2165E00646F7}"
	ProjectSection(SolutionItems) = preProject
		infra\templates\application-insights.bicep = infra\templates\application-insights.bicep
		infra\templates\function-app.bicep = infra\templates\function-app.bicep
		infra\templates\hosting-plan.bicep = infra\templates\hosting-plan.bicep
		infra\templates\log-analytics-work-space.bicep = infra\templates\log-analytics-work-space.bicep
		infra\templates\storage-account.bicep = infra\templates\storage-account.bicep
		infra\templates\storage-accounts-role-assignments.bicep = infra\templates\storage-accounts-role-assignments.bicep
	EndProjectSection
EndProject
Global
	GlobalSection(SolutionConfigurationPlatforms) = preSolution
		Debug|Any CPU = Debug|Any CPU
		Release|Any CPU = Release|Any CPU
	EndGlobalSection
	GlobalSection(ProjectConfigurationPlatforms) = postSolution
		{C9A914DF-8441-4AF0-91B2-F05C7E7561B3}.Debug|Any CPU.ActiveCfg = Debug|Any CPU
		{C9A914DF-8441-4AF0-91B2-F05C7E7561B3}.Debug|Any CPU.Build.0 = Debug|Any CPU
		{C9A914DF-8441-4AF0-91B2-F05C7E7561B3}.Release|Any CPU.ActiveCfg = Release|Any CPU
		{C9A914DF-8441-4AF0-91B2-F05C7E7561B3}.Release|Any CPU.Build.0 = Release|Any CPU
	EndGlobalSection
	GlobalSection(SolutionProperties) = preSolution
		HideSolutionNode = FALSE
	EndGlobalSection
	GlobalSection(NestedProjects) = preSolution
		{C9A914DF-8441-4AF0-91B2-F05C7E7561B3} = {89213812-22E6-4F10-BB76-868E4CDCC27E}
		{EB1D7D7A-BBAD-4AAC-A0DD-2165E00646F7} = {28351F41-31CF-46C4-BC6C-C6B67CFA7F94}
	EndGlobalSection
	GlobalSection(ExtensibilityGlobals) = postSolution
		SolutionGuid = {CCD6F696-46E3-48AF-9EF7-6AC27069E58A}
	EndGlobalSection
EndGlobal
